// !$*UTF8*$!
{
	archiveVersion = 1;
	classes = {
	};
	objectVersion = 46;
	objects = {

/* Begin PBXBuildFile section */
		2311E3851EA8AD58007B5305 /* vm-runtime.cc in Sources */ = {isa = PBXBuildFile; fileRef = 2311E3841EA8AD58007B5305 /* vm-runtime.cc */; };
		2311E3861EA8AD58007B5305 /* vm-runtime.cc in Sources */ = {isa = PBXBuildFile; fileRef = 2311E3841EA8AD58007B5305 /* vm-runtime.cc */; };
		2311E3891EA9F0BC007B5305 /* vm-object-surface.cc in Sources */ = {isa = PBXBuildFile; fileRef = 2311E3881EA9F0BC007B5305 /* vm-object-surface.cc */; };
		2311E38A1EA9F0BC007B5305 /* vm-object-surface.cc in Sources */ = {isa = PBXBuildFile; fileRef = 2311E3881EA9F0BC007B5305 /* vm-object-surface.cc */; };
		2311E38C1EAAED57007B5305 /* vm-object-surface-test.cc in Sources */ = {isa = PBXBuildFile; fileRef = 2311E38B1EAAED57007B5305 /* vm-object-surface-test.cc */; };
		231378E51E8A5514009384DF /* simple-function-register.cc in Sources */ = {isa = PBXBuildFile; fileRef = 231378E41E8A5514009384DF /* simple-function-register.cc */; };
		231378E61E8A5514009384DF /* simple-function-register.cc in Sources */ = {isa = PBXBuildFile; fileRef = 231378E41E8A5514009384DF /* simple-function-register.cc */; };
		231378E81E8B563D009384DF /* bitcode-emitter-test.cc in Sources */ = {isa = PBXBuildFile; fileRef = 231378E71E8B563D009384DF /* bitcode-emitter-test.cc */; };
		231378E91E8B563D009384DF /* bitcode-emitter-test.cc in Sources */ = {isa = PBXBuildFile; fileRef = 231378E71E8B563D009384DF /* bitcode-emitter-test.cc */; };
		232434641E78EEC70054C385 /* vm.cc in Sources */ = {isa = PBXBuildFile; fileRef = 232434631E78EEC70054C385 /* vm.cc */; };
		232434651E78EEC70054C385 /* vm.cc in Sources */ = {isa = PBXBuildFile; fileRef = 232434631E78EEC70054C385 /* vm.cc */; };
		232434681E7922C10054C385 /* vm-thread.cc in Sources */ = {isa = PBXBuildFile; fileRef = 232434671E7922C10054C385 /* vm-thread.cc */; };
		232434691E7922C10054C385 /* vm-thread.cc in Sources */ = {isa = PBXBuildFile; fileRef = 232434671E7922C10054C385 /* vm-thread.cc */; };
		2324346C1E7926F50054C385 /* vm-memory-segment.cc in Sources */ = {isa = PBXBuildFile; fileRef = 2324346B1E7926F50054C385 /* vm-memory-segment.cc */; };
		2324346D1E7926F50054C385 /* vm-memory-segment.cc in Sources */ = {isa = PBXBuildFile; fileRef = 2324346B1E7926F50054C385 /* vm-memory-segment.cc */; };
		232434701E7929DD0054C385 /* vm-bitcode-builder.cc in Sources */ = {isa = PBXBuildFile; fileRef = 2324346F1E7929DD0054C385 /* vm-bitcode-builder.cc */; };
		232434711E7929DD0054C385 /* vm-bitcode-builder.cc in Sources */ = {isa = PBXBuildFile; fileRef = 2324346F1E7929DD0054C385 /* vm-bitcode-builder.cc */; };
		232434731E7A203D0054C385 /* vm-memory-segment-test.cc in Sources */ = {isa = PBXBuildFile; fileRef = 232434721E7A203D0054C385 /* vm-memory-segment-test.cc */; };
		232434791E7A77020054C385 /* vm-bitcode-builder-test.cc in Sources */ = {isa = PBXBuildFile; fileRef = 232434781E7A77020054C385 /* vm-bitcode-builder-test.cc */; };
		2324347C1E7A84C20054C385 /* vm-bitcode-disassembler.cc in Sources */ = {isa = PBXBuildFile; fileRef = 2324347B1E7A84C20054C385 /* vm-bitcode-disassembler.cc */; };
		2324347D1E7A84C20054C385 /* vm-bitcode-disassembler.cc in Sources */ = {isa = PBXBuildFile; fileRef = 2324347B1E7A84C20054C385 /* vm-bitcode-disassembler.cc */; };
		2324347F1E7A8A850054C385 /* vm-bitcode.cc in Sources */ = {isa = PBXBuildFile; fileRef = 2324347E1E7A8A850054C385 /* vm-bitcode.cc */; };
		232434801E7A8A850054C385 /* vm-bitcode.cc in Sources */ = {isa = PBXBuildFile; fileRef = 2324347E1E7A8A850054C385 /* vm-bitcode.cc */; };
		232434831E7AA13F0054C385 /* vm-stack.cc in Sources */ = {isa = PBXBuildFile; fileRef = 232434821E7AA13F0054C385 /* vm-stack.cc */; };
		232434841E7AA13F0054C385 /* vm-stack.cc in Sources */ = {isa = PBXBuildFile; fileRef = 232434821E7AA13F0054C385 /* vm-stack.cc */; };
		232434861E7B935B0054C385 /* vm-thread-test.cc in Sources */ = {isa = PBXBuildFile; fileRef = 232434851E7B935B0054C385 /* vm-thread-test.cc */; };
		232434871E7B935B0054C385 /* vm-thread-test.cc in Sources */ = {isa = PBXBuildFile; fileRef = 232434851E7B935B0054C385 /* vm-thread-test.cc */; };
		2324348A1E7BBEA00054C385 /* vm-objects.cc in Sources */ = {isa = PBXBuildFile; fileRef = 232434891E7BBEA00054C385 /* vm-objects.cc */; };
		2324348B1E7BBEA00054C385 /* vm-objects.cc in Sources */ = {isa = PBXBuildFile; fileRef = 232434891E7BBEA00054C385 /* vm-objects.cc */; };
		232434931E7FAF230054C385 /* bitcode-emitter.cc in Sources */ = {isa = PBXBuildFile; fileRef = 232434921E7FAF230054C385 /* bitcode-emitter.cc */; };
		232434941E7FAF230054C385 /* bitcode-emitter.cc in Sources */ = {isa = PBXBuildFile; fileRef = 232434921E7FAF230054C385 /* bitcode-emitter.cc */; };
		2349E56C1E4AA77F002883BC /* number-parser.cc in Sources */ = {isa = PBXBuildFile; fileRef = 2349E56B1E4AA77F002883BC /* number-parser.cc */; };
		2349E56D1E4AA77F002883BC /* number-parser.cc in Sources */ = {isa = PBXBuildFile; fileRef = 2349E56B1E4AA77F002883BC /* number-parser.cc */; };
		2349E56F1E4AB1BB002883BC /* number-parser-test.cc in Sources */ = {isa = PBXBuildFile; fileRef = 2349E56E1E4AB1BB002883BC /* number-parser-test.cc */; };
		2349E5721E4B1800002883BC /* keywords.c in Sources */ = {isa = PBXBuildFile; fileRef = 2349E5711E4B1800002883BC /* keywords.c */; };
		2349E5731E4B1800002883BC /* keywords.c in Sources */ = {isa = PBXBuildFile; fileRef = 2349E5711E4B1800002883BC /* keywords.c */; };
		2349E5761E4C5310002883BC /* zone.cc in Sources */ = {isa = PBXBuildFile; fileRef = 2349E5751E4C5310002883BC /* zone.cc */; };
		2349E5771E4C5310002883BC /* zone.cc in Sources */ = {isa = PBXBuildFile; fileRef = 2349E5751E4C5310002883BC /* zone.cc */; };
		2349E57A1E554426002883BC /* zone-test.cc in Sources */ = {isa = PBXBuildFile; fileRef = 2349E5791E554426002883BC /* zone-test.cc */; };
		2349E57D1E55DD3C002883BC /* zone-hash-map-test.cc in Sources */ = {isa = PBXBuildFile; fileRef = 2349E57C1E55DD3C002883BC /* zone-hash-map-test.cc */; };
		2349E5801E56A71E002883BC /* zone-vector-test.cc in Sources */ = {isa = PBXBuildFile; fileRef = 2349E57F1E56A71E002883BC /* zone-vector-test.cc */; };
		2349E5831E56E378002883BC /* ast-test.cc in Sources */ = {isa = PBXBuildFile; fileRef = 2349E5821E56E378002883BC /* ast-test.cc */; };
		2349E5861E56EF38002883BC /* raw-string-test.cc in Sources */ = {isa = PBXBuildFile; fileRef = 2349E5851E56EF38002883BC /* raw-string-test.cc */; };
		2349E58A1E56F3DB002883BC /* raw-string.cc in Sources */ = {isa = PBXBuildFile; fileRef = 2349E5891E56F3DB002883BC /* raw-string.cc */; };
		2349E58B1E56F3DB002883BC /* raw-string.cc in Sources */ = {isa = PBXBuildFile; fileRef = 2349E5891E56F3DB002883BC /* raw-string.cc */; };
		2349E58D1E56FCC9002883BC /* ast.cc in Sources */ = {isa = PBXBuildFile; fileRef = 2349E58C1E56FCC9002883BC /* ast.cc */; };
		2349E58E1E56FCC9002883BC /* ast.cc in Sources */ = {isa = PBXBuildFile; fileRef = 2349E58C1E56FCC9002883BC /* ast.cc */; };
		2349E5911E56FF02002883BC /* parser.cc in Sources */ = {isa = PBXBuildFile; fileRef = 2349E5901E56FF02002883BC /* parser.cc */; };
		2349E5921E56FF02002883BC /* parser.cc in Sources */ = {isa = PBXBuildFile; fileRef = 2349E5901E56FF02002883BC /* parser.cc */; };
		2349E5941E56FF12002883BC /* parser-test.cc in Sources */ = {isa = PBXBuildFile; fileRef = 2349E5931E56FF12002883BC /* parser-test.cc */; };
		234D81961ECA8416006CA3BA /* asm.c in Sources */ = {isa = PBXBuildFile; fileRef = 234D81901ECA8416006CA3BA /* asm.c */; };
		234D819E1ECA8999006CA3BA /* asm-amd64.c in Sources */ = {isa = PBXBuildFile; fileRef = 234D819D1ECA8999006CA3BA /* asm-amd64.c */; };
		234D819F1ECA8A31006CA3BA /* asm-amd64.c in Sources */ = {isa = PBXBuildFile; fileRef = 234D819D1ECA8999006CA3BA /* asm-amd64.c */; };
		234D81A01ECA8A31006CA3BA /* asm.c in Sources */ = {isa = PBXBuildFile; fileRef = 234D81901ECA8416006CA3BA /* asm.c */; };
		234D81A11ECA8A31006CA3BA /* asm-amd64-test.cc in Sources */ = {isa = PBXBuildFile; fileRef = 234D81981ECA8924006CA3BA /* asm-amd64-test.cc */; };
		234D81A31ECA90FB006CA3BA /* all-tests.cc in Sources */ = {isa = PBXBuildFile; fileRef = 234D81A21ECA90FB006CA3BA /* all-tests.cc */; };
		234D81A61ECAA08B006CA3BA /* vm-code-cache.cc in Sources */ = {isa = PBXBuildFile; fileRef = 234D81A51ECAA08B006CA3BA /* vm-code-cache.cc */; };
		234D81A71ECAA08B006CA3BA /* vm-code-cache.cc in Sources */ = {isa = PBXBuildFile; fileRef = 234D81A51ECAA08B006CA3BA /* vm-code-cache.cc */; };
		235808131E487DFB00C8C567 /* fixed-memory-input-stream.cc in Sources */ = {isa = PBXBuildFile; fileRef = 235808121E487DFB00C8C567 /* fixed-memory-input-stream.cc */; };
		235808141E487DFB00C8C567 /* fixed-memory-input-stream.cc in Sources */ = {isa = PBXBuildFile; fileRef = 235808121E487DFB00C8C567 /* fixed-memory-input-stream.cc */; };
		235808151E495CE200C8C567 /* lexer-test.cc in Sources */ = {isa = PBXBuildFile; fileRef = 2358080F1E487D4C00C8C567 /* lexer-test.cc */; };
		2361991C1E83FE1100682485 /* vm-function-register.cc in Sources */ = {isa = PBXBuildFile; fileRef = 2361991B1E83FE1100682485 /* vm-function-register.cc */; };
		2361991D1E83FE1100682485 /* vm-function-register.cc in Sources */ = {isa = PBXBuildFile; fileRef = 2361991B1E83FE1100682485 /* vm-function-register.cc */; };
		236199201E84CCB900682485 /* vm-object-factory.cc in Sources */ = {isa = PBXBuildFile; fileRef = 2361991F1E84CCB900682485 /* vm-object-factory.cc */; };
		236199211E84CCB900682485 /* vm-object-factory.cc in Sources */ = {isa = PBXBuildFile; fileRef = 2361991F1E84CCB900682485 /* vm-object-factory.cc */; };
		2362023D1E45B9EB00B6B949 /* base.cc in Sources */ = {isa = PBXBuildFile; fileRef = 2362023C1E45B9EB00B6B949 /* base.cc */; };
		236202491E45BC0E00B6B949 /* base.cc in Sources */ = {isa = PBXBuildFile; fileRef = 2362023C1E45B9EB00B6B949 /* base.cc */; };
		2362024E1E45BC2F00B6B949 /* libglog.a in Frameworks */ = {isa = PBXBuildFile; fileRef = 2362024B1E45BC2F00B6B949 /* libglog.a */; };
		236202501E45BC2F00B6B949 /* libgtest.a in Frameworks */ = {isa = PBXBuildFile; fileRef = 2362024D1E45BC2F00B6B949 /* libgtest.a */; };
		236202521E45BC7E00B6B949 /* base-test.cc in Sources */ = {isa = PBXBuildFile; fileRef = 236202511E45BC7E00B6B949 /* base-test.cc */; };
		236202551E45BE2900B6B949 /* lexer.cc in Sources */ = {isa = PBXBuildFile; fileRef = 236202541E45BE2900B6B949 /* lexer.cc */; };
		236202561E45BE2900B6B949 /* lexer.cc in Sources */ = {isa = PBXBuildFile; fileRef = 236202541E45BE2900B6B949 /* lexer.cc */; };
		236202591E45C58800B6B949 /* token.cc in Sources */ = {isa = PBXBuildFile; fileRef = 236202581E45C58800B6B949 /* token.cc */; };
		2362025A1E45C58800B6B949 /* token.cc in Sources */ = {isa = PBXBuildFile; fileRef = 236202581E45C58800B6B949 /* token.cc */; };
		2362025D1E45CC5F00B6B949 /* token-test.cc in Sources */ = {isa = PBXBuildFile; fileRef = 2362025B1E45CC5F00B6B949 /* token-test.cc */; };
		236202601E48221700B6B949 /* text-input-stream.cc in Sources */ = {isa = PBXBuildFile; fileRef = 2362025F1E48221700B6B949 /* text-input-stream.cc */; };
		236202611E48221700B6B949 /* text-input-stream.cc in Sources */ = {isa = PBXBuildFile; fileRef = 2362025F1E48221700B6B949 /* text-input-stream.cc */; };
		23658AF71E8A3FD700F7F72A /* do-nothing-garbage-collector.cc in Sources */ = {isa = PBXBuildFile; fileRef = 23658AF61E8A3FD700F7F72A /* do-nothing-garbage-collector.cc */; };
		23658AF81E8A3FD700F7F72A /* do-nothing-garbage-collector.cc in Sources */ = {isa = PBXBuildFile; fileRef = 23658AF61E8A3FD700F7F72A /* do-nothing-garbage-collector.cc */; };
		23C5D6261ECBDF77005FE7C2 /* vm-code-cache-test.cc in Sources */ = {isa = PBXBuildFile; fileRef = 23C5D6251ECBDF77005FE7C2 /* vm-code-cache-test.cc */; };
		23E3D59A1E5C1A7900C51DDE /* ast-printer.cc in Sources */ = {isa = PBXBuildFile; fileRef = 23E3D5991E5C1A7900C51DDE /* ast-printer.cc */; };
		23E3D59B1E5C1A7900C51DDE /* ast-printer.cc in Sources */ = {isa = PBXBuildFile; fileRef = 23E3D5991E5C1A7900C51DDE /* ast-printer.cc */; };
		23E3D59F1E600DCE00C51DDE /* types.cc in Sources */ = {isa = PBXBuildFile; fileRef = 23E3D59E1E600DCE00C51DDE /* types.cc */; };
		23E3D5A01E600DCE00C51DDE /* types.cc in Sources */ = {isa = PBXBuildFile; fileRef = 23E3D59E1E600DCE00C51DDE /* types.cc */; };
		23E3D5A31E63C6DD00C51DDE /* scopes.cc in Sources */ = {isa = PBXBuildFile; fileRef = 23E3D5A21E63C6DD00C51DDE /* scopes.cc */; };
		23E3D5A41E63C6DD00C51DDE /* scopes.cc in Sources */ = {isa = PBXBuildFile; fileRef = 23E3D5A21E63C6DD00C51DDE /* scopes.cc */; };
		23E3D5A81E65075C00C51DDE /* checker.cc in Sources */ = {isa = PBXBuildFile; fileRef = 23E3D5A71E65075C00C51DDE /* checker.cc */; };
		23E3D5A91E65075C00C51DDE /* checker.cc in Sources */ = {isa = PBXBuildFile; fileRef = 23E3D5A71E65075C00C51DDE /* checker.cc */; };
		23E3D5AC1E6CF20700C51DDE /* checker-test.cc in Sources */ = {isa = PBXBuildFile; fileRef = 23E3D5AA1E6CF20700C51DDE /* checker-test.cc */; };
		23E3D5AE1E6D004C00C51DDE /* scopes-test.cc in Sources */ = {isa = PBXBuildFile; fileRef = 23E3D5AD1E6D004C00C51DDE /* scopes-test.cc */; };
		23E3D5B11E6FA55600C51DDE /* file-input-stream.cc in Sources */ = {isa = PBXBuildFile; fileRef = 23E3D5B01E6FA55600C51DDE /* file-input-stream.cc */; };
		23E3D5B21E6FA55600C51DDE /* file-input-stream.cc in Sources */ = {isa = PBXBuildFile; fileRef = 23E3D5B01E6FA55600C51DDE /* file-input-stream.cc */; };
		23E3D5B41E6FFF5900C51DDE /* compiler.cc in Sources */ = {isa = PBXBuildFile; fileRef = 23E3D5B31E6FFF5900C51DDE /* compiler.cc */; };
		23E3D5B51E6FFF5900C51DDE /* compiler.cc in Sources */ = {isa = PBXBuildFile; fileRef = 23E3D5B31E6FFF5900C51DDE /* compiler.cc */; };
		23E3D5B81E700A7000C51DDE /* simple-file-system.cc in Sources */ = {isa = PBXBuildFile; fileRef = 23E3D5B71E700A7000C51DDE /* simple-file-system.cc */; };
		23E3D5B91E700A7000C51DDE /* simple-file-system.cc in Sources */ = {isa = PBXBuildFile; fileRef = 23E3D5B71E700A7000C51DDE /* simple-file-system.cc */; };
		23E3D5BC1E767F8600C51DDE /* text-output-stream.cc in Sources */ = {isa = PBXBuildFile; fileRef = 23E3D5BB1E767F8600C51DDE /* text-output-stream.cc */; };
		23E3D5BD1E767F8600C51DDE /* text-output-stream.cc in Sources */ = {isa = PBXBuildFile; fileRef = 23E3D5BB1E767F8600C51DDE /* text-output-stream.cc */; };
		23E3D5C01E77C51800C51DDE /* memory-output-stream.cc in Sources */ = {isa = PBXBuildFile; fileRef = 23E3D5BF1E77C51800C51DDE /* memory-output-stream.cc */; };
		23E3D5C11E77C51800C51DDE /* memory-output-stream.cc in Sources */ = {isa = PBXBuildFile; fileRef = 23E3D5BF1E77C51800C51DDE /* memory-output-stream.cc */; };
		23E3D5C81E77CBCC00C51DDE /* file-output-stream.cc in Sources */ = {isa = PBXBuildFile; fileRef = 23E3D5C71E77CBCC00C51DDE /* file-output-stream.cc */; };
		23E3D5C91E77CBCC00C51DDE /* file-output-stream.cc in Sources */ = {isa = PBXBuildFile; fileRef = 23E3D5C71E77CBCC00C51DDE /* file-output-stream.cc */; };
		23E6BA0E1EB1DD3600FC1A55 /* vm-object-extra-factory.cc in Sources */ = {isa = PBXBuildFile; fileRef = 23E6BA0D1EB1DD3600FC1A55 /* vm-object-extra-factory.cc */; };
		23E6BA0F1EB1DD3600FC1A55 /* vm-object-extra-factory.cc in Sources */ = {isa = PBXBuildFile; fileRef = 23E6BA0D1EB1DD3600FC1A55 /* vm-object-extra-factory.cc */; };
		23E6BA111EB332FC00FC1A55 /* source-file-position-dict.h in Sources */ = {isa = PBXBuildFile; fileRef = 23E6BA101EB332FC00FC1A55 /* source-file-position-dict.h */; };
		23E6BA141EB335A100FC1A55 /* source-file-position-dict.cc in Sources */ = {isa = PBXBuildFile; fileRef = 23E6BA131EB335A100FC1A55 /* source-file-position-dict.cc */; };
		23E6BA151EB335A100FC1A55 /* source-file-position-dict.cc in Sources */ = {isa = PBXBuildFile; fileRef = 23E6BA131EB335A100FC1A55 /* source-file-position-dict.cc */; };
		23E6BA171EB345D000FC1A55 /* source-file-position-dict-test.cc in Sources */ = {isa = PBXBuildFile; fileRef = 23E6BA161EB345D000FC1A55 /* source-file-position-dict-test.cc */; };
		23E6BA181EB345D000FC1A55 /* source-file-position-dict-test.cc in Sources */ = {isa = PBXBuildFile; fileRef = 23E6BA161EB345D000FC1A55 /* source-file-position-dict-test.cc */; };
		23ECD44F1EA4B4C700A0091D /* msg-garbage-collector.cc in Sources */ = {isa = PBXBuildFile; fileRef = 23ECD44E1EA4B4C700A0091D /* msg-garbage-collector.cc */; };
		23ECD4501EA4B4C700A0091D /* msg-garbage-collector.cc in Sources */ = {isa = PBXBuildFile; fileRef = 23ECD44E1EA4B4C700A0091D /* msg-garbage-collector.cc */; };
		23ECD4531EA5C1A000A0091D /* vm-object-scanner.cc in Sources */ = {isa = PBXBuildFile; fileRef = 23ECD4521EA5C1A000A0091D /* vm-object-scanner.cc */; };
		23ECD4541EA5C1A000A0091D /* vm-object-scanner.cc in Sources */ = {isa = PBXBuildFile; fileRef = 23ECD4521EA5C1A000A0091D /* vm-object-scanner.cc */; };
		23F311F21EDBFFDD00B02687 /* managed-allocator.cc in Sources */ = {isa = PBXBuildFile; fileRef = 23F311F11EDBFFDD00B02687 /* managed-allocator.cc */; };
		23F311F31EDBFFDD00B02687 /* managed-allocator.cc in Sources */ = {isa = PBXBuildFile; fileRef = 23F311F11EDBFFDD00B02687 /* managed-allocator.cc */; };
		23F311F61EDC010700B02687 /* fallback-managed-allocator.cc in Sources */ = {isa = PBXBuildFile; fileRef = 23F311F51EDC010700B02687 /* fallback-managed-allocator.cc */; };
		23F311F71EDC010700B02687 /* fallback-managed-allocator.cc in Sources */ = {isa = PBXBuildFile; fileRef = 23F311F51EDC010700B02687 /* fallback-managed-allocator.cc */; };
		23F311FB1EE8F6B700B02687 /* ring-buffer.cc in Sources */ = {isa = PBXBuildFile; fileRef = 23F311FA1EE8F6B700B02687 /* ring-buffer.cc */; };
		23F311FC1EE8F6B700B02687 /* ring-buffer.cc in Sources */ = {isa = PBXBuildFile; fileRef = 23F311FA1EE8F6B700B02687 /* ring-buffer.cc */; };
/* End PBXBuildFile section */

/* Begin PBXCopyFilesBuildPhase section */
		231B09A11E45B86D00BC6D18 /* CopyFiles */ = {
			isa = PBXCopyFilesBuildPhase;
			buildActionMask = 2147483647;
			dstPath = /usr/share/man/man1/;
			dstSubfolderSpec = 0;
			files = (
			);
			runOnlyForDeploymentPostprocessing = 1;
		};
		236202401E45BB2B00B6B949 /* CopyFiles */ = {
			isa = PBXCopyFilesBuildPhase;
			buildActionMask = 2147483647;
			dstPath = /usr/share/man/man1/;
			dstSubfolderSpec = 0;
			files = (
			);
			runOnlyForDeploymentPostprocessing = 1;
		};
/* End PBXCopyFilesBuildPhase section */

/* Begin PBXFileReference section */
		2311E3831EA8A95F007B5305 /* vm-runtime.h */ = {isa = PBXFileReference; fileEncoding = 4; lastKnownFileType = sourcecode.c.h; path = "vm-runtime.h"; sourceTree = "<group>"; };
		2311E3841EA8AD58007B5305 /* vm-runtime.cc */ = {isa = PBXFileReference; fileEncoding = 4; lastKnownFileType = sourcecode.cpp.cpp; path = "vm-runtime.cc"; sourceTree = "<group>"; };
		2311E3871EA9A481007B5305 /* vm-object-surface.h */ = {isa = PBXFileReference; fileEncoding = 4; lastKnownFileType = sourcecode.c.h; path = "vm-object-surface.h"; sourceTree = "<group>"; };
		2311E3881EA9F0BC007B5305 /* vm-object-surface.cc */ = {isa = PBXFileReference; fileEncoding = 4; lastKnownFileType = sourcecode.cpp.cpp; path = "vm-object-surface.cc"; sourceTree = "<group>"; };
		2311E38B1EAAED57007B5305 /* vm-object-surface-test.cc */ = {isa = PBXFileReference; fileEncoding = 4; lastKnownFileType = sourcecode.cpp.cpp; path = "vm-object-surface-test.cc"; sourceTree = "<group>"; };
		231378E31E8A54CA009384DF /* simple-function-register.h */ = {isa = PBXFileReference; fileEncoding = 4; lastKnownFileType = sourcecode.c.h; path = "simple-function-register.h"; sourceTree = "<group>"; };
		231378E41E8A5514009384DF /* simple-function-register.cc */ = {isa = PBXFileReference; fileEncoding = 4; lastKnownFileType = sourcecode.cpp.cpp; path = "simple-function-register.cc"; sourceTree = "<group>"; };
		231378E71E8B563D009384DF /* bitcode-emitter-test.cc */ = {isa = PBXFileReference; fileEncoding = 4; lastKnownFileType = sourcecode.cpp.cpp; path = "bitcode-emitter-test.cc"; sourceTree = "<group>"; };
		231B09A31E45B86D00BC6D18 /* mio-lang */ = {isa = PBXFileReference; explicitFileType = "compiled.mach-o.executable"; includeInIndex = 0; path = "mio-lang"; sourceTree = BUILT_PRODUCTS_DIR; };
		232434611E78DFD00054C385 /* vm-bitcode.h */ = {isa = PBXFileReference; fileEncoding = 4; lastKnownFileType = sourcecode.c.h; path = "vm-bitcode.h"; sourceTree = "<group>"; };
		232434621E78EE7E0054C385 /* vm.h */ = {isa = PBXFileReference; fileEncoding = 4; lastKnownFileType = sourcecode.c.h; path = vm.h; sourceTree = "<group>"; };
		232434631E78EEC70054C385 /* vm.cc */ = {isa = PBXFileReference; fileEncoding = 4; lastKnownFileType = sourcecode.cpp.cpp; path = vm.cc; sourceTree = "<group>"; };
		232434661E79226B0054C385 /* vm-thread.h */ = {isa = PBXFileReference; fileEncoding = 4; lastKnownFileType = sourcecode.c.h; path = "vm-thread.h"; sourceTree = "<group>"; };
		232434671E7922C10054C385 /* vm-thread.cc */ = {isa = PBXFileReference; fileEncoding = 4; lastKnownFileType = sourcecode.cpp.cpp; path = "vm-thread.cc"; sourceTree = "<group>"; };
		2324346A1E7925000054C385 /* vm-memory-segment.h */ = {isa = PBXFileReference; fileEncoding = 4; lastKnownFileType = sourcecode.c.h; path = "vm-memory-segment.h"; sourceTree = "<group>"; };
		2324346B1E7926F50054C385 /* vm-memory-segment.cc */ = {isa = PBXFileReference; fileEncoding = 4; lastKnownFileType = sourcecode.cpp.cpp; path = "vm-memory-segment.cc"; sourceTree = "<group>"; };
		2324346E1E7928B60054C385 /* vm-bitcode-builder.h */ = {isa = PBXFileReference; fileEncoding = 4; lastKnownFileType = sourcecode.c.h; path = "vm-bitcode-builder.h"; sourceTree = "<group>"; };
		2324346F1E7929DD0054C385 /* vm-bitcode-builder.cc */ = {isa = PBXFileReference; fileEncoding = 4; lastKnownFileType = sourcecode.cpp.cpp; path = "vm-bitcode-builder.cc"; sourceTree = "<group>"; };
		232434721E7A203D0054C385 /* vm-memory-segment-test.cc */ = {isa = PBXFileReference; fileEncoding = 4; lastKnownFileType = sourcecode.cpp.cpp; path = "vm-memory-segment-test.cc"; sourceTree = "<group>"; };
		232434741E7A25CE0054C385 /* code-label.h */ = {isa = PBXFileReference; fileEncoding = 4; lastKnownFileType = sourcecode.c.h; path = "code-label.h"; sourceTree = "<group>"; };
		232434781E7A77020054C385 /* vm-bitcode-builder-test.cc */ = {isa = PBXFileReference; fileEncoding = 4; lastKnownFileType = sourcecode.cpp.cpp; path = "vm-bitcode-builder-test.cc"; sourceTree = "<group>"; };
		2324347A1E7A83470054C385 /* vm-bitcode-disassembler.h */ = {isa = PBXFileReference; fileEncoding = 4; lastKnownFileType = sourcecode.c.h; path = "vm-bitcode-disassembler.h"; sourceTree = "<group>"; };
		2324347B1E7A84C20054C385 /* vm-bitcode-disassembler.cc */ = {isa = PBXFileReference; fileEncoding = 4; lastKnownFileType = sourcecode.cpp.cpp; path = "vm-bitcode-disassembler.cc"; sourceTree = "<group>"; };
		2324347E1E7A8A850054C385 /* vm-bitcode.cc */ = {isa = PBXFileReference; fileEncoding = 4; lastKnownFileType = sourcecode.cpp.cpp; path = "vm-bitcode.cc"; sourceTree = "<group>"; };
		232434811E7A9E970054C385 /* vm-stack.h */ = {isa = PBXFileReference; fileEncoding = 4; lastKnownFileType = sourcecode.c.h; path = "vm-stack.h"; sourceTree = "<group>"; };
		232434821E7AA13F0054C385 /* vm-stack.cc */ = {isa = PBXFileReference; fileEncoding = 4; lastKnownFileType = sourcecode.cpp.cpp; path = "vm-stack.cc"; sourceTree = "<group>"; };
		232434851E7B935B0054C385 /* vm-thread-test.cc */ = {isa = PBXFileReference; fileEncoding = 4; lastKnownFileType = sourcecode.cpp.cpp; path = "vm-thread-test.cc"; sourceTree = "<group>"; };
		232434881E7BBDD30054C385 /* vm-objects.h */ = {isa = PBXFileReference; fileEncoding = 4; lastKnownFileType = sourcecode.c.h; path = "vm-objects.h"; sourceTree = "<group>"; };
		232434891E7BBEA00054C385 /* vm-objects.cc */ = {isa = PBXFileReference; fileEncoding = 4; lastKnownFileType = sourcecode.cpp.cpp; path = "vm-objects.cc"; sourceTree = "<group>"; };
		2324348C1E7BCCAA0054C385 /* handles.h */ = {isa = PBXFileReference; fileEncoding = 4; lastKnownFileType = sourcecode.c.h; path = handles.h; sourceTree = "<group>"; };
		232434911E7FAE930054C385 /* bitcode-emitter.h */ = {isa = PBXFileReference; fileEncoding = 4; lastKnownFileType = sourcecode.c.h; path = "bitcode-emitter.h"; sourceTree = "<group>"; };
		232434921E7FAF230054C385 /* bitcode-emitter.cc */ = {isa = PBXFileReference; fileEncoding = 4; lastKnownFileType = sourcecode.cpp.cpp; path = "bitcode-emitter.cc"; sourceTree = "<group>"; };
		2349E56A1E4AA70B002883BC /* number-parser.h */ = {isa = PBXFileReference; fileEncoding = 4; lastKnownFileType = sourcecode.c.h; path = "number-parser.h"; sourceTree = "<group>"; };
		2349E56B1E4AA77F002883BC /* number-parser.cc */ = {isa = PBXFileReference; fileEncoding = 4; lastKnownFileType = sourcecode.cpp.cpp; path = "number-parser.cc"; sourceTree = "<group>"; };
		2349E56E1E4AB1BB002883BC /* number-parser-test.cc */ = {isa = PBXFileReference; fileEncoding = 4; lastKnownFileType = sourcecode.cpp.cpp; path = "number-parser-test.cc"; sourceTree = "<group>"; };
		2349E5701E4B1791002883BC /* keywords.gperf */ = {isa = PBXFileReference; fileEncoding = 4; lastKnownFileType = text; path = keywords.gperf; sourceTree = "<group>"; };
		2349E5711E4B1800002883BC /* keywords.c */ = {isa = PBXFileReference; fileEncoding = 4; lastKnownFileType = sourcecode.c.c; path = keywords.c; sourceTree = "<group>"; };
		2349E5741E4C51C1002883BC /* zone.h */ = {isa = PBXFileReference; fileEncoding = 4; lastKnownFileType = sourcecode.c.h; path = zone.h; sourceTree = "<group>"; };
		2349E5751E4C5310002883BC /* zone.cc */ = {isa = PBXFileReference; fileEncoding = 4; lastKnownFileType = sourcecode.cpp.cpp; path = zone.cc; sourceTree = "<group>"; };
		2349E5781E4DC5AF002883BC /* internal-list.h */ = {isa = PBXFileReference; fileEncoding = 4; lastKnownFileType = sourcecode.c.h; path = "internal-list.h"; sourceTree = "<group>"; };
		2349E5791E554426002883BC /* zone-test.cc */ = {isa = PBXFileReference; fileEncoding = 4; lastKnownFileType = sourcecode.cpp.cpp; path = "zone-test.cc"; sourceTree = "<group>"; };
		2349E57B1E55B3DB002883BC /* zone-hash-map.h */ = {isa = PBXFileReference; fileEncoding = 4; lastKnownFileType = sourcecode.c.h; path = "zone-hash-map.h"; sourceTree = "<group>"; };
		2349E57C1E55DD3C002883BC /* zone-hash-map-test.cc */ = {isa = PBXFileReference; fileEncoding = 4; lastKnownFileType = sourcecode.cpp.cpp; path = "zone-hash-map-test.cc"; sourceTree = "<group>"; };
		2349E57E1E56A2A6002883BC /* zone-vector.h */ = {isa = PBXFileReference; fileEncoding = 4; lastKnownFileType = sourcecode.c.h; path = "zone-vector.h"; sourceTree = "<group>"; };
		2349E57F1E56A71E002883BC /* zone-vector-test.cc */ = {isa = PBXFileReference; fileEncoding = 4; lastKnownFileType = sourcecode.cpp.cpp; path = "zone-vector-test.cc"; sourceTree = "<group>"; };
		2349E5811E56E2F0002883BC /* ast.h */ = {isa = PBXFileReference; fileEncoding = 4; lastKnownFileType = sourcecode.c.h; path = ast.h; sourceTree = "<group>"; };
		2349E5821E56E378002883BC /* ast-test.cc */ = {isa = PBXFileReference; fileEncoding = 4; lastKnownFileType = sourcecode.cpp.cpp; path = "ast-test.cc"; sourceTree = "<group>"; };
		2349E5841E56EE9E002883BC /* raw-string.h */ = {isa = PBXFileReference; fileEncoding = 4; lastKnownFileType = sourcecode.c.h; path = "raw-string.h"; sourceTree = "<group>"; };
		2349E5851E56EF38002883BC /* raw-string-test.cc */ = {isa = PBXFileReference; fileEncoding = 4; lastKnownFileType = sourcecode.cpp.cpp; path = "raw-string-test.cc"; sourceTree = "<group>"; };
		2349E5891E56F3DB002883BC /* raw-string.cc */ = {isa = PBXFileReference; fileEncoding = 4; lastKnownFileType = sourcecode.cpp.cpp; path = "raw-string.cc"; sourceTree = "<group>"; };
		2349E58C1E56FCC9002883BC /* ast.cc */ = {isa = PBXFileReference; fileEncoding = 4; lastKnownFileType = sourcecode.cpp.cpp; path = ast.cc; sourceTree = "<group>"; };
		2349E58F1E56FE40002883BC /* parser.h */ = {isa = PBXFileReference; fileEncoding = 4; lastKnownFileType = sourcecode.c.h; path = parser.h; sourceTree = "<group>"; };
		2349E5901E56FF02002883BC /* parser.cc */ = {isa = PBXFileReference; fileEncoding = 4; lastKnownFileType = sourcecode.cpp.cpp; path = parser.cc; sourceTree = "<group>"; };
		2349E5931E56FF12002883BC /* parser-test.cc */ = {isa = PBXFileReference; fileEncoding = 4; lastKnownFileType = sourcecode.cpp.cpp; path = "parser-test.cc"; sourceTree = "<group>"; };
		234D81901ECA8416006CA3BA /* asm.c */ = {isa = PBXFileReference; fileEncoding = 4; lastKnownFileType = sourcecode.c.c; path = asm.c; sourceTree = "<group>"; };
		234D81911ECA8416006CA3BA /* asm.h */ = {isa = PBXFileReference; fileEncoding = 4; lastKnownFileType = sourcecode.c.h; path = asm.h; sourceTree = "<group>"; };
		234D81981ECA8924006CA3BA /* asm-amd64-test.cc */ = {isa = PBXFileReference; fileEncoding = 4; lastKnownFileType = sourcecode.cpp.cpp; name = "asm-amd64-test.cc"; path = "yui/asm-amd64-test.cc"; sourceTree = "<group>"; };
		234D819A1ECA8999006CA3BA /* asm-amd64-inl.h */ = {isa = PBXFileReference; fileEncoding = 4; lastKnownFileType = sourcecode.c.h; path = "asm-amd64-inl.h"; sourceTree = "<group>"; };
		234D819B1ECA8999006CA3BA /* asm-amd64.h */ = {isa = PBXFileReference; fileEncoding = 4; lastKnownFileType = sourcecode.c.h; path = "asm-amd64.h"; sourceTree = "<group>"; };
		234D819C1ECA8999006CA3BA /* asm-inl.h */ = {isa = PBXFileReference; fileEncoding = 4; lastKnownFileType = sourcecode.c.h; path = "asm-inl.h"; sourceTree = "<group>"; };
		234D819D1ECA8999006CA3BA /* asm-amd64.c */ = {isa = PBXFileReference; fileEncoding = 4; lastKnownFileType = sourcecode.c.c; path = "asm-amd64.c"; sourceTree = "<group>"; };
		234D81A21ECA90FB006CA3BA /* all-tests.cc */ = {isa = PBXFileReference; fileEncoding = 4; lastKnownFileType = sourcecode.cpp.cpp; path = "all-tests.cc"; sourceTree = "<group>"; };
		234D81A41ECA9F92006CA3BA /* vm-code-cache.h */ = {isa = PBXFileReference; fileEncoding = 4; lastKnownFileType = sourcecode.c.h; path = "vm-code-cache.h"; sourceTree = "<group>"; };
		234D81A51ECAA08B006CA3BA /* vm-code-cache.cc */ = {isa = PBXFileReference; fileEncoding = 4; lastKnownFileType = sourcecode.cpp.cpp; path = "vm-code-cache.cc"; sourceTree = "<group>"; };
		2358080F1E487D4C00C8C567 /* lexer-test.cc */ = {isa = PBXFileReference; fileEncoding = 4; lastKnownFileType = sourcecode.cpp.cpp; path = "lexer-test.cc"; sourceTree = "<group>"; };
		235808111E487D9400C8C567 /* fixed-memory-input-stream.h */ = {isa = PBXFileReference; fileEncoding = 4; lastKnownFileType = sourcecode.c.h; path = "fixed-memory-input-stream.h"; sourceTree = "<group>"; };
		235808121E487DFB00C8C567 /* fixed-memory-input-stream.cc */ = {isa = PBXFileReference; fileEncoding = 4; lastKnownFileType = sourcecode.cpp.cpp; path = "fixed-memory-input-stream.cc"; sourceTree = "<group>"; };
		2361991A1E83FC5B00682485 /* vm-function-register.h */ = {isa = PBXFileReference; fileEncoding = 4; lastKnownFileType = sourcecode.c.h; path = "vm-function-register.h"; sourceTree = "<group>"; };
		2361991B1E83FE1100682485 /* vm-function-register.cc */ = {isa = PBXFileReference; fileEncoding = 4; lastKnownFileType = sourcecode.cpp.cpp; path = "vm-function-register.cc"; sourceTree = "<group>"; };
		2361991E1E84CC6500682485 /* vm-object-factory.h */ = {isa = PBXFileReference; fileEncoding = 4; lastKnownFileType = sourcecode.c.h; path = "vm-object-factory.h"; sourceTree = "<group>"; };
		2361991F1E84CCB900682485 /* vm-object-factory.cc */ = {isa = PBXFileReference; fileEncoding = 4; lastKnownFileType = sourcecode.cpp.cpp; path = "vm-object-factory.cc"; sourceTree = "<group>"; };
		2362023B1E45B9A700B6B949 /* base.h */ = {isa = PBXFileReference; fileEncoding = 4; lastKnownFileType = sourcecode.c.h; path = base.h; sourceTree = "<group>"; };
		2362023C1E45B9EB00B6B949 /* base.cc */ = {isa = PBXFileReference; fileEncoding = 4; lastKnownFileType = sourcecode.cpp.cpp; path = base.cc; sourceTree = "<group>"; };
		236202421E45BB2B00B6B949 /* mio-test */ = {isa = PBXFileReference; explicitFileType = "compiled.mach-o.executable"; includeInIndex = 0; path = "mio-test"; sourceTree = BUILT_PRODUCTS_DIR; };
		2362024B1E45BC2F00B6B949 /* libglog.a */ = {isa = PBXFileReference; lastKnownFileType = archive.ar; name = libglog.a; path = "../third-party/libs/libglog.a"; sourceTree = "<group>"; };
		2362024C1E45BC2F00B6B949 /* libgtest_main.a */ = {isa = PBXFileReference; lastKnownFileType = archive.ar; name = libgtest_main.a; path = "../third-party/libs/libgtest_main.a"; sourceTree = "<group>"; };
		2362024D1E45BC2F00B6B949 /* libgtest.a */ = {isa = PBXFileReference; lastKnownFileType = archive.ar; name = libgtest.a; path = "../third-party/libs/libgtest.a"; sourceTree = "<group>"; };
		236202511E45BC7E00B6B949 /* base-test.cc */ = {isa = PBXFileReference; fileEncoding = 4; lastKnownFileType = sourcecode.cpp.cpp; path = "base-test.cc"; sourceTree = "<group>"; };
		236202531E45BD0D00B6B949 /* lexer.h */ = {isa = PBXFileReference; fileEncoding = 4; lastKnownFileType = sourcecode.c.h; path = lexer.h; sourceTree = "<group>"; };
		236202541E45BE2900B6B949 /* lexer.cc */ = {isa = PBXFileReference; fileEncoding = 4; lastKnownFileType = sourcecode.cpp.cpp; path = lexer.cc; sourceTree = "<group>"; };
		236202571E45C34A00B6B949 /* token.h */ = {isa = PBXFileReference; fileEncoding = 4; lastKnownFileType = sourcecode.c.h; path = token.h; sourceTree = "<group>"; };
		236202581E45C58800B6B949 /* token.cc */ = {isa = PBXFileReference; fileEncoding = 4; lastKnownFileType = sourcecode.cpp.cpp; path = token.cc; sourceTree = "<group>"; };
		2362025B1E45CC5F00B6B949 /* token-test.cc */ = {isa = PBXFileReference; fileEncoding = 4; lastKnownFileType = sourcecode.cpp.cpp; path = "token-test.cc"; sourceTree = "<group>"; };
		2362025E1E48214500B6B949 /* text-input-stream.h */ = {isa = PBXFileReference; fileEncoding = 4; lastKnownFileType = sourcecode.c.h; path = "text-input-stream.h"; sourceTree = "<group>"; };
		2362025F1E48221700B6B949 /* text-input-stream.cc */ = {isa = PBXFileReference; fileEncoding = 4; lastKnownFileType = sourcecode.cpp.cpp; path = "text-input-stream.cc"; sourceTree = "<group>"; };
		236202621E486C9300B6B949 /* token-inl.h */ = {isa = PBXFileReference; fileEncoding = 4; lastKnownFileType = sourcecode.c.h; path = "token-inl.h"; sourceTree = "<group>"; };
		23658AF51E8A3F3100F7F72A /* do-nothing-garbage-collector.h */ = {isa = PBXFileReference; fileEncoding = 4; lastKnownFileType = sourcecode.c.h; path = "do-nothing-garbage-collector.h"; sourceTree = "<group>"; };
		23658AF61E8A3FD700F7F72A /* do-nothing-garbage-collector.cc */ = {isa = PBXFileReference; fileEncoding = 4; lastKnownFileType = sourcecode.cpp.cpp; path = "do-nothing-garbage-collector.cc"; sourceTree = "<group>"; };
		23C5D6241ECBDEEC005FE7C2 /* bit-operations.h */ = {isa = PBXFileReference; fileEncoding = 4; lastKnownFileType = sourcecode.c.h; path = "bit-operations.h"; sourceTree = "<group>"; };
		23C5D6251ECBDF77005FE7C2 /* vm-code-cache-test.cc */ = {isa = PBXFileReference; fileEncoding = 4; lastKnownFileType = sourcecode.cpp.cpp; path = "vm-code-cache-test.cc"; sourceTree = "<group>"; };
		23E3D5991E5C1A7900C51DDE /* ast-printer.cc */ = {isa = PBXFileReference; fileEncoding = 4; lastKnownFileType = sourcecode.cpp.cpp; path = "ast-printer.cc"; sourceTree = "<group>"; };
		23E3D59C1E5C231400C51DDE /* ast-printer.h */ = {isa = PBXFileReference; fileEncoding = 4; lastKnownFileType = sourcecode.c.h; path = "ast-printer.h"; sourceTree = "<group>"; };
		23E3D59D1E600CB800C51DDE /* types.h */ = {isa = PBXFileReference; fileEncoding = 4; lastKnownFileType = sourcecode.c.h; path = types.h; sourceTree = "<group>"; };
		23E3D59E1E600DCE00C51DDE /* types.cc */ = {isa = PBXFileReference; fileEncoding = 4; lastKnownFileType = sourcecode.cpp.cpp; path = types.cc; sourceTree = "<group>"; };
		23E3D5A11E63C6B100C51DDE /* scopes.h */ = {isa = PBXFileReference; fileEncoding = 4; lastKnownFileType = sourcecode.c.h; path = scopes.h; sourceTree = "<group>"; };
		23E3D5A21E63C6DD00C51DDE /* scopes.cc */ = {isa = PBXFileReference; fileEncoding = 4; lastKnownFileType = sourcecode.cpp.cpp; path = scopes.cc; sourceTree = "<group>"; };
		23E3D5A51E6506AB00C51DDE /* checker.h */ = {isa = PBXFileReference; fileEncoding = 4; lastKnownFileType = sourcecode.c.h; path = checker.h; sourceTree = "<group>"; };
		23E3D5A61E6506F200C51DDE /* compiler.h */ = {isa = PBXFileReference; fileEncoding = 4; lastKnownFileType = sourcecode.c.h; path = compiler.h; sourceTree = "<group>"; };
		23E3D5A71E65075C00C51DDE /* checker.cc */ = {isa = PBXFileReference; fileEncoding = 4; lastKnownFileType = sourcecode.cpp.cpp; path = checker.cc; sourceTree = "<group>"; };
		23E3D5AA1E6CF20700C51DDE /* checker-test.cc */ = {isa = PBXFileReference; fileEncoding = 4; lastKnownFileType = sourcecode.cpp.cpp; path = "checker-test.cc"; sourceTree = "<group>"; };
		23E3D5AD1E6D004C00C51DDE /* scopes-test.cc */ = {isa = PBXFileReference; fileEncoding = 4; lastKnownFileType = sourcecode.cpp.cpp; path = "scopes-test.cc"; sourceTree = "<group>"; };
		23E3D5AF1E6FA4FF00C51DDE /* file-input-stream.h */ = {isa = PBXFileReference; fileEncoding = 4; lastKnownFileType = sourcecode.c.h; path = "file-input-stream.h"; sourceTree = "<group>"; };
		23E3D5B01E6FA55600C51DDE /* file-input-stream.cc */ = {isa = PBXFileReference; fileEncoding = 4; lastKnownFileType = sourcecode.cpp.cpp; path = "file-input-stream.cc"; sourceTree = "<group>"; };
		23E3D5B31E6FFF5900C51DDE /* compiler.cc */ = {isa = PBXFileReference; fileEncoding = 4; lastKnownFileType = sourcecode.cpp.cpp; path = compiler.cc; sourceTree = "<group>"; };
		23E3D5B61E7007E000C51DDE /* simple-file-system.h */ = {isa = PBXFileReference; fileEncoding = 4; lastKnownFileType = sourcecode.c.h; path = "simple-file-system.h"; sourceTree = "<group>"; };
		23E3D5B71E700A7000C51DDE /* simple-file-system.cc */ = {isa = PBXFileReference; fileEncoding = 4; lastKnownFileType = sourcecode.cpp.cpp; path = "simple-file-system.cc"; sourceTree = "<group>"; };
		23E3D5BA1E767F0800C51DDE /* text-output-stream.h */ = {isa = PBXFileReference; fileEncoding = 4; lastKnownFileType = sourcecode.c.h; path = "text-output-stream.h"; sourceTree = "<group>"; };
		23E3D5BB1E767F8600C51DDE /* text-output-stream.cc */ = {isa = PBXFileReference; fileEncoding = 4; lastKnownFileType = sourcecode.cpp.cpp; path = "text-output-stream.cc"; sourceTree = "<group>"; };
		23E3D5BE1E76871A00C51DDE /* memory-output-stream.h */ = {isa = PBXFileReference; fileEncoding = 4; lastKnownFileType = sourcecode.c.h; path = "memory-output-stream.h"; sourceTree = "<group>"; };
		23E3D5BF1E77C51800C51DDE /* memory-output-stream.cc */ = {isa = PBXFileReference; fileEncoding = 4; lastKnownFileType = sourcecode.cpp.cpp; path = "memory-output-stream.cc"; sourceTree = "<group>"; };
		23E3D5C61E77CAFF00C51DDE /* file-output-stream.h */ = {isa = PBXFileReference; fileEncoding = 4; lastKnownFileType = sourcecode.c.h; path = "file-output-stream.h"; sourceTree = "<group>"; };
		23E3D5C71E77CBCC00C51DDE /* file-output-stream.cc */ = {isa = PBXFileReference; fileEncoding = 4; lastKnownFileType = sourcecode.cpp.cpp; path = "file-output-stream.cc"; sourceTree = "<group>"; };
		23E6BA0C1EB1D4B400FC1A55 /* vm-object-extra-factory.h */ = {isa = PBXFileReference; fileEncoding = 4; lastKnownFileType = sourcecode.c.h; path = "vm-object-extra-factory.h"; sourceTree = "<group>"; };
		23E6BA0D1EB1DD3600FC1A55 /* vm-object-extra-factory.cc */ = {isa = PBXFileReference; fileEncoding = 4; lastKnownFileType = sourcecode.cpp.cpp; path = "vm-object-extra-factory.cc"; sourceTree = "<group>"; };
		23E6BA101EB332FC00FC1A55 /* source-file-position-dict.h */ = {isa = PBXFileReference; fileEncoding = 4; lastKnownFileType = sourcecode.c.h; path = "source-file-position-dict.h"; sourceTree = "<group>"; };
		23E6BA131EB335A100FC1A55 /* source-file-position-dict.cc */ = {isa = PBXFileReference; fileEncoding = 4; lastKnownFileType = sourcecode.cpp.cpp; path = "source-file-position-dict.cc"; sourceTree = "<group>"; };
		23E6BA161EB345D000FC1A55 /* source-file-position-dict-test.cc */ = {isa = PBXFileReference; fileEncoding = 4; lastKnownFileType = sourcecode.cpp.cpp; path = "source-file-position-dict-test.cc"; sourceTree = "<group>"; };
		23ECD44D1EA4B3D900A0091D /* msg-garbage-collector.h */ = {isa = PBXFileReference; fileEncoding = 4; lastKnownFileType = sourcecode.c.h; path = "msg-garbage-collector.h"; sourceTree = "<group>"; };
		23ECD44E1EA4B4C700A0091D /* msg-garbage-collector.cc */ = {isa = PBXFileReference; fileEncoding = 4; lastKnownFileType = sourcecode.cpp.cpp; path = "msg-garbage-collector.cc"; sourceTree = "<group>"; };
		23ECD4511EA5C08700A0091D /* vm-object-scanner.h */ = {isa = PBXFileReference; fileEncoding = 4; lastKnownFileType = sourcecode.c.h; path = "vm-object-scanner.h"; sourceTree = "<group>"; };
		23ECD4521EA5C1A000A0091D /* vm-object-scanner.cc */ = {isa = PBXFileReference; fileEncoding = 4; lastKnownFileType = sourcecode.cpp.cpp; path = "vm-object-scanner.cc"; sourceTree = "<group>"; };
		23ECD4551EA6EF1D00A0091D /* vm-garbage-collector.h */ = {isa = PBXFileReference; fileEncoding = 4; lastKnownFileType = sourcecode.c.h; path = "vm-garbage-collector.h"; sourceTree = "<group>"; };
		23ECD4561EA706E000A0091D /* managed-allocator.h */ = {isa = PBXFileReference; fileEncoding = 4; lastKnownFileType = sourcecode.c.h; path = "managed-allocator.h"; sourceTree = "<group>"; };
		23F311F11EDBFFDD00B02687 /* managed-allocator.cc */ = {isa = PBXFileReference; fileEncoding = 4; lastKnownFileType = sourcecode.cpp.cpp; path = "managed-allocator.cc"; sourceTree = "<group>"; };
		23F311F41EDC00A400B02687 /* fallback-managed-allocator.h */ = {isa = PBXFileReference; fileEncoding = 4; lastKnownFileType = sourcecode.c.h; path = "fallback-managed-allocator.h"; sourceTree = "<group>"; };
		23F311F51EDC010700B02687 /* fallback-managed-allocator.cc */ = {isa = PBXFileReference; fileEncoding = 4; lastKnownFileType = sourcecode.cpp.cpp; path = "fallback-managed-allocator.cc"; sourceTree = "<group>"; };
		23F311F81EDFAD9500B02687 /* object-traits.h */ = {isa = PBXFileReference; fileEncoding = 4; lastKnownFileType = sourcecode.c.h; path = "object-traits.h"; sourceTree = "<group>"; };
		23F311F91EE8F62000B02687 /* ring-buffer.h */ = {isa = PBXFileReference; fileEncoding = 4; lastKnownFileType = sourcecode.c.h; path = "ring-buffer.h"; sourceTree = "<group>"; };
		23F311FA1EE8F6B700B02687 /* ring-buffer.cc */ = {isa = PBXFileReference; fileEncoding = 4; lastKnownFileType = sourcecode.cpp.cpp; path = "ring-buffer.cc"; sourceTree = "<group>"; };
/* End PBXFileReference section */

/* Begin PBXFrameworksBuildPhase section */
		231B09A01E45B86D00BC6D18 /* Frameworks */ = {
			isa = PBXFrameworksBuildPhase;
			buildActionMask = 2147483647;
			files = (
			);
			runOnlyForDeploymentPostprocessing = 0;
		};
		2362023F1E45BB2B00B6B949 /* Frameworks */ = {
			isa = PBXFrameworksBuildPhase;
			buildActionMask = 2147483647;
			files = (
				2362024E1E45BC2F00B6B949 /* libglog.a in Frameworks */,
				236202501E45BC2F00B6B949 /* libgtest.a in Frameworks */,
			);
			runOnlyForDeploymentPostprocessing = 0;
		};
/* End PBXFrameworksBuildPhase section */

/* Begin PBXGroup section */
		231B099A1E45B86D00BC6D18 = {
			isa = PBXGroup;
			children = (
				234D818F1ECA8416006CA3BA /* Yui */,
				2362023A1E45B91800B6B949 /* Include */,
				231B09A51E45B86D00BC6D18 /* Source */,
				236202431E45BB2B00B6B949 /* Tests */,
				231B09A41E45B86D00BC6D18 /* Products */,
				2362024A1E45BC2F00B6B949 /* Frameworks */,
			);
			sourceTree = "<group>";
		};
		231B09A41E45B86D00BC6D18 /* Products */ = {
			isa = PBXGroup;
			children = (
				231B09A31E45B86D00BC6D18 /* mio-lang */,
				236202421E45BB2B00B6B949 /* mio-test */,
			);
			name = Products;
			sourceTree = "<group>";
		};
		231B09A51E45B86D00BC6D18 /* Source */ = {
			isa = PBXGroup;
			children = (
				2349E5711E4B1800002883BC /* keywords.c */,
				2349E5701E4B1791002883BC /* keywords.gperf */,
				2362023C1E45B9EB00B6B949 /* base.cc */,
				236202581E45C58800B6B949 /* token.cc */,
				2362025F1E48221700B6B949 /* text-input-stream.cc */,
				23E3D5BB1E767F8600C51DDE /* text-output-stream.cc */,
				235808121E487DFB00C8C567 /* fixed-memory-input-stream.cc */,
				23E3D5B01E6FA55600C51DDE /* file-input-stream.cc */,
				23E3D5BF1E77C51800C51DDE /* memory-output-stream.cc */,
				23E3D5C71E77CBCC00C51DDE /* file-output-stream.cc */,
				2349E56B1E4AA77F002883BC /* number-parser.cc */,
				2349E5751E4C5310002883BC /* zone.cc */,
				2349E5891E56F3DB002883BC /* raw-string.cc */,
				2349E58C1E56FCC9002883BC /* ast.cc */,
				23E3D59E1E600DCE00C51DDE /* types.cc */,
				23E3D5991E5C1A7900C51DDE /* ast-printer.cc */,
				236202541E45BE2900B6B949 /* lexer.cc */,
				2349E5901E56FF02002883BC /* parser.cc */,
				23E3D5A21E63C6DD00C51DDE /* scopes.cc */,
				23E3D5B31E6FFF5900C51DDE /* compiler.cc */,
				23E3D5A71E65075C00C51DDE /* checker.cc */,
				23E3D5B71E700A7000C51DDE /* simple-file-system.cc */,
				232434921E7FAF230054C385 /* bitcode-emitter.cc */,
				232434631E78EEC70054C385 /* vm.cc */,
				232434671E7922C10054C385 /* vm-thread.cc */,
				2324347E1E7A8A850054C385 /* vm-bitcode.cc */,
				232434821E7AA13F0054C385 /* vm-stack.cc */,
				2324346B1E7926F50054C385 /* vm-memory-segment.cc */,
				234D81A51ECAA08B006CA3BA /* vm-code-cache.cc */,
				2324346F1E7929DD0054C385 /* vm-bitcode-builder.cc */,
				2324347B1E7A84C20054C385 /* vm-bitcode-disassembler.cc */,
				232434891E7BBEA00054C385 /* vm-objects.cc */,
				2311E3881EA9F0BC007B5305 /* vm-object-surface.cc */,
				23ECD4521EA5C1A000A0091D /* vm-object-scanner.cc */,
				2361991F1E84CCB900682485 /* vm-object-factory.cc */,
				23E6BA0D1EB1DD3600FC1A55 /* vm-object-extra-factory.cc */,
				2311E3841EA8AD58007B5305 /* vm-runtime.cc */,
				2361991B1E83FE1100682485 /* vm-function-register.cc */,
				231378E41E8A5514009384DF /* simple-function-register.cc */,
				23ECD44E1EA4B4C700A0091D /* msg-garbage-collector.cc */,
				23658AF61E8A3FD700F7F72A /* do-nothing-garbage-collector.cc */,
				23E6BA131EB335A100FC1A55 /* source-file-position-dict.cc */,
				23F311F11EDBFFDD00B02687 /* managed-allocator.cc */,
				23F311F51EDC010700B02687 /* fallback-managed-allocator.cc */,
				23F311FA1EE8F6B700B02687 /* ring-buffer.cc */,
			);
			name = Source;
			path = ../src;
			sourceTree = "<group>";
		};
		234D818F1ECA8416006CA3BA /* Yui */ = {
			isa = PBXGroup;
			children = (
				234D819A1ECA8999006CA3BA /* asm-amd64-inl.h */,
				234D819B1ECA8999006CA3BA /* asm-amd64.h */,
				234D819C1ECA8999006CA3BA /* asm-inl.h */,
				234D819D1ECA8999006CA3BA /* asm-amd64.c */,
				234D81901ECA8416006CA3BA /* asm.c */,
				234D81911ECA8416006CA3BA /* asm.h */,
			);
			name = Yui;
			path = ../src/yui;
			sourceTree = "<group>";
		};
		2362023A1E45B91800B6B949 /* Include */ = {
			isa = PBXGroup;
			children = (
				23C5D6241ECBDEEC005FE7C2 /* bit-operations.h */,
				2362023B1E45B9A700B6B949 /* base.h */,
				236202531E45BD0D00B6B949 /* lexer.h */,
				236202621E486C9300B6B949 /* token-inl.h */,
				236202571E45C34A00B6B949 /* token.h */,
				2349E5781E4DC5AF002883BC /* internal-list.h */,
				2362025E1E48214500B6B949 /* text-input-stream.h */,
				23E3D5BA1E767F0800C51DDE /* text-output-stream.h */,
				23E3D5AF1E6FA4FF00C51DDE /* file-input-stream.h */,
				235808111E487D9400C8C567 /* fixed-memory-input-stream.h */,
				23E3D5BE1E76871A00C51DDE /* memory-output-stream.h */,
				23E3D5C61E77CAFF00C51DDE /* file-output-stream.h */,
				2349E56A1E4AA70B002883BC /* number-parser.h */,
				2349E5741E4C51C1002883BC /* zone.h */,
				2349E57B1E55B3DB002883BC /* zone-hash-map.h */,
				2349E57E1E56A2A6002883BC /* zone-vector.h */,
				2349E5811E56E2F0002883BC /* ast.h */,
				23E3D59C1E5C231400C51DDE /* ast-printer.h */,
				23E3D59D1E600CB800C51DDE /* types.h */,
				2349E5841E56EE9E002883BC /* raw-string.h */,
				2349E58F1E56FE40002883BC /* parser.h */,
				23E3D5A11E63C6B100C51DDE /* scopes.h */,
				23E3D5A61E6506F200C51DDE /* compiler.h */,
				23E3D5A51E6506AB00C51DDE /* checker.h */,
				232434911E7FAE930054C385 /* bitcode-emitter.h */,
				23E3D5B61E7007E000C51DDE /* simple-file-system.h */,
				232434741E7A25CE0054C385 /* code-label.h */,
				232434621E78EE7E0054C385 /* vm.h */,
				232434661E79226B0054C385 /* vm-thread.h */,
				232434611E78DFD00054C385 /* vm-bitcode.h */,
				232434811E7A9E970054C385 /* vm-stack.h */,
				2324346A1E7925000054C385 /* vm-memory-segment.h */,
				234D81A41ECA9F92006CA3BA /* vm-code-cache.h */,
				2324346E1E7928B60054C385 /* vm-bitcode-builder.h */,
				2324347A1E7A83470054C385 /* vm-bitcode-disassembler.h */,
				23ECD4551EA6EF1D00A0091D /* vm-garbage-collector.h */,
				2361991A1E83FC5B00682485 /* vm-function-register.h */,
				232434881E7BBDD30054C385 /* vm-objects.h */,
				2311E3871EA9A481007B5305 /* vm-object-surface.h */,
				23ECD4511EA5C08700A0091D /* vm-object-scanner.h */,
				2361991E1E84CC6500682485 /* vm-object-factory.h */,
				23E6BA0C1EB1D4B400FC1A55 /* vm-object-extra-factory.h */,
				2311E3831EA8A95F007B5305 /* vm-runtime.h */,
				2324348C1E7BCCAA0054C385 /* handles.h */,
				23F311F81EDFAD9500B02687 /* object-traits.h */,
				231378E31E8A54CA009384DF /* simple-function-register.h */,
				23ECD44D1EA4B3D900A0091D /* msg-garbage-collector.h */,
				23658AF51E8A3F3100F7F72A /* do-nothing-garbage-collector.h */,
				23ECD4561EA706E000A0091D /* managed-allocator.h */,
				23F311F41EDC00A400B02687 /* fallback-managed-allocator.h */,
				23E6BA101EB332FC00FC1A55 /* source-file-position-dict.h */,
				23F311F91EE8F62000B02687 /* ring-buffer.h */,
			);
			name = Include;
			path = ../src;
			sourceTree = "<group>";
		};
		236202431E45BB2B00B6B949 /* Tests */ = {
			isa = PBXGroup;
			children = (
				234D81981ECA8924006CA3BA /* asm-amd64-test.cc */,
				236202511E45BC7E00B6B949 /* base-test.cc */,
				2362025B1E45CC5F00B6B949 /* token-test.cc */,
				2358080F1E487D4C00C8C567 /* lexer-test.cc */,
				2349E56E1E4AB1BB002883BC /* number-parser-test.cc */,
				2349E5791E554426002883BC /* zone-test.cc */,
				2349E57C1E55DD3C002883BC /* zone-hash-map-test.cc */,
				2349E57F1E56A71E002883BC /* zone-vector-test.cc */,
				2349E5821E56E378002883BC /* ast-test.cc */,
				2349E5851E56EF38002883BC /* raw-string-test.cc */,
				2349E5931E56FF12002883BC /* parser-test.cc */,
				23E3D5AA1E6CF20700C51DDE /* checker-test.cc */,
				23E3D5AD1E6D004C00C51DDE /* scopes-test.cc */,
				231378E71E8B563D009384DF /* bitcode-emitter-test.cc */,
				232434721E7A203D0054C385 /* vm-memory-segment-test.cc */,
				23C5D6251ECBDF77005FE7C2 /* vm-code-cache-test.cc */,
				232434781E7A77020054C385 /* vm-bitcode-builder-test.cc */,
				232434851E7B935B0054C385 /* vm-thread-test.cc */,
				2311E38B1EAAED57007B5305 /* vm-object-surface-test.cc */,
				23E6BA161EB345D000FC1A55 /* source-file-position-dict-test.cc */,
				234D81A21ECA90FB006CA3BA /* all-tests.cc */,
			);
			name = Tests;
			path = ../src;
			sourceTree = "<group>";
		};
		2362024A1E45BC2F00B6B949 /* Frameworks */ = {
			isa = PBXGroup;
			children = (
				2362024B1E45BC2F00B6B949 /* libglog.a */,
				2362024C1E45BC2F00B6B949 /* libgtest_main.a */,
				2362024D1E45BC2F00B6B949 /* libgtest.a */,
			);
			name = Frameworks;
			sourceTree = "<group>";
		};
/* End PBXGroup section */

/* Begin PBXNativeTarget section */
		231B09A21E45B86D00BC6D18 /* mio-lang */ = {
			isa = PBXNativeTarget;
			buildConfigurationList = 231B09AA1E45B86D00BC6D18 /* Build configuration list for PBXNativeTarget "mio-lang" */;
			buildPhases = (
				231B099F1E45B86D00BC6D18 /* Sources */,
				231B09A01E45B86D00BC6D18 /* Frameworks */,
				231B09A11E45B86D00BC6D18 /* CopyFiles */,
			);
			buildRules = (
			);
			dependencies = (
			);
			name = "mio-lang";
			productName = "mio-lang";
			productReference = 231B09A31E45B86D00BC6D18 /* mio-lang */;
			productType = "com.apple.product-type.tool";
		};
		236202411E45BB2B00B6B949 /* mio-test */ = {
			isa = PBXNativeTarget;
			buildConfigurationList = 236202461E45BB2B00B6B949 /* Build configuration list for PBXNativeTarget "mio-test" */;
			buildPhases = (
				2362023E1E45BB2B00B6B949 /* Sources */,
				2362023F1E45BB2B00B6B949 /* Frameworks */,
				236202401E45BB2B00B6B949 /* CopyFiles */,
			);
			buildRules = (
			);
			dependencies = (
			);
			name = "mio-test";
			productName = "mio-test";
			productReference = 236202421E45BB2B00B6B949 /* mio-test */;
			productType = "com.apple.product-type.tool";
		};
/* End PBXNativeTarget section */

/* Begin PBXProject section */
		231B099B1E45B86D00BC6D18 /* Project object */ = {
			isa = PBXProject;
			attributes = {
				LastUpgradeCheck = 0800;
				ORGANIZATIONNAME = yukino;
				TargetAttributes = {
					231B09A21E45B86D00BC6D18 = {
						CreatedOnToolsVersion = 8.0;
						ProvisioningStyle = Automatic;
					};
					236202411E45BB2B00B6B949 = {
						CreatedOnToolsVersion = 8.0;
						ProvisioningStyle = Automatic;
					};
				};
			};
			buildConfigurationList = 231B099E1E45B86D00BC6D18 /* Build configuration list for PBXProject "mio-lang" */;
			compatibilityVersion = "Xcode 3.2";
			developmentRegion = English;
			hasScannedForEncodings = 0;
			knownRegions = (
				en,
			);
			mainGroup = 231B099A1E45B86D00BC6D18;
			productRefGroup = 231B09A41E45B86D00BC6D18 /* Products */;
			projectDirPath = "";
			projectRoot = "";
			targets = (
				231B09A21E45B86D00BC6D18 /* mio-lang */,
				236202411E45BB2B00B6B949 /* mio-test */,
			);
		};
/* End PBXProject section */

/* Begin PBXSourcesBuildPhase section */
		231B099F1E45B86D00BC6D18 /* Sources */ = {
			isa = PBXSourcesBuildPhase;
			buildActionMask = 2147483647;
			files = (
				232434931E7FAF230054C385 /* bitcode-emitter.cc in Sources */,
				232434641E78EEC70054C385 /* vm.cc in Sources */,
				234D81A61ECAA08B006CA3BA /* vm-code-cache.cc in Sources */,
				23E6BA141EB335A100FC1A55 /* source-file-position-dict.cc in Sources */,
				23E3D5A81E65075C00C51DDE /* checker.cc in Sources */,
				2349E58D1E56FCC9002883BC /* ast.cc in Sources */,
				232434701E7929DD0054C385 /* vm-bitcode-builder.cc in Sources */,
				232434861E7B935B0054C385 /* vm-thread-test.cc in Sources */,
				232434681E7922C10054C385 /* vm-thread.cc in Sources */,
				236199201E84CCB900682485 /* vm-object-factory.cc in Sources */,
				2349E5721E4B1800002883BC /* keywords.c in Sources */,
				23E3D5A31E63C6DD00C51DDE /* scopes.cc in Sources */,
				23658AF71E8A3FD700F7F72A /* do-nothing-garbage-collector.cc in Sources */,
				23E6BA111EB332FC00FC1A55 /* source-file-position-dict.h in Sources */,
				2311E3851EA8AD58007B5305 /* vm-runtime.cc in Sources */,
				23E3D5C01E77C51800C51DDE /* memory-output-stream.cc in Sources */,
				236202551E45BE2900B6B949 /* lexer.cc in Sources */,
				23E3D59A1E5C1A7900C51DDE /* ast-printer.cc in Sources */,
				235808131E487DFB00C8C567 /* fixed-memory-input-stream.cc in Sources */,
				23F311F21EDBFFDD00B02687 /* managed-allocator.cc in Sources */,
				2362023D1E45B9EB00B6B949 /* base.cc in Sources */,
				23F311FB1EE8F6B700B02687 /* ring-buffer.cc in Sources */,
				2349E58A1E56F3DB002883BC /* raw-string.cc in Sources */,
				23E6BA0E1EB1DD3600FC1A55 /* vm-object-extra-factory.cc in Sources */,
				23E3D5C81E77CBCC00C51DDE /* file-output-stream.cc in Sources */,
				2349E56C1E4AA77F002883BC /* number-parser.cc in Sources */,
				23E3D5B81E700A7000C51DDE /* simple-file-system.cc in Sources */,
				2311E3891EA9F0BC007B5305 /* vm-object-surface.cc in Sources */,
				23ECD4531EA5C1A000A0091D /* vm-object-scanner.cc in Sources */,
				2324348A1E7BBEA00054C385 /* vm-objects.cc in Sources */,
				234D81961ECA8416006CA3BA /* asm.c in Sources */,
				2361991C1E83FE1100682485 /* vm-function-register.cc in Sources */,
				23E3D5BC1E767F8600C51DDE /* text-output-stream.cc in Sources */,
				231378E51E8A5514009384DF /* simple-function-register.cc in Sources */,
				2324347F1E7A8A850054C385 /* vm-bitcode.cc in Sources */,
				2324347C1E7A84C20054C385 /* vm-bitcode-disassembler.cc in Sources */,
				23E3D59F1E600DCE00C51DDE /* types.cc in Sources */,
				2324346C1E7926F50054C385 /* vm-memory-segment.cc in Sources */,
				236202591E45C58800B6B949 /* token.cc in Sources */,
				231378E81E8B563D009384DF /* bitcode-emitter-test.cc in Sources */,
				236202601E48221700B6B949 /* text-input-stream.cc in Sources */,
				23ECD44F1EA4B4C700A0091D /* msg-garbage-collector.cc in Sources */,
				2349E5911E56FF02002883BC /* parser.cc in Sources */,
				23E3D5B41E6FFF5900C51DDE /* compiler.cc in Sources */,
				232434831E7AA13F0054C385 /* vm-stack.cc in Sources */,
				23E6BA171EB345D000FC1A55 /* source-file-position-dict-test.cc in Sources */,
				23F311F61EDC010700B02687 /* fallback-managed-allocator.cc in Sources */,
				234D819E1ECA8999006CA3BA /* asm-amd64.c in Sources */,
				23E3D5B11E6FA55600C51DDE /* file-input-stream.cc in Sources */,
				2349E5761E4C5310002883BC /* zone.cc in Sources */,
			);
			runOnlyForDeploymentPostprocessing = 0;
		};
		2362023E1E45BB2B00B6B949 /* Sources */ = {
			isa = PBXSourcesBuildPhase;
			buildActionMask = 2147483647;
			files = (
				234D819F1ECA8A31006CA3BA /* asm-amd64.c in Sources */,
				234D81A01ECA8A31006CA3BA /* asm.c in Sources */,
				23C5D6261ECBDF77005FE7C2 /* vm-code-cache-test.cc in Sources */,
				234D81A11ECA8A31006CA3BA /* asm-amd64-test.cc in Sources */,
				23E3D5C11E77C51800C51DDE /* memory-output-stream.cc in Sources */,
				2361991D1E83FE1100682485 /* vm-function-register.cc in Sources */,
				232434791E7A77020054C385 /* vm-bitcode-builder-test.cc in Sources */,
				2349E56D1E4AA77F002883BC /* number-parser.cc in Sources */,
				2324348B1E7BBEA00054C385 /* vm-objects.cc in Sources */,
				2324347D1E7A84C20054C385 /* vm-bitcode-disassembler.cc in Sources */,
				2349E5861E56EF38002883BC /* raw-string-test.cc in Sources */,
				2349E56F1E4AB1BB002883BC /* number-parser-test.cc in Sources */,
				232434691E7922C10054C385 /* vm-thread.cc in Sources */,
				231378E61E8A5514009384DF /* simple-function-register.cc in Sources */,
				235808151E495CE200C8C567 /* lexer-test.cc in Sources */,
				2349E5771E4C5310002883BC /* zone.cc in Sources */,
				23E3D5AC1E6CF20700C51DDE /* checker-test.cc in Sources */,
				23E3D5B21E6FA55600C51DDE /* file-input-stream.cc in Sources */,
				23ECD4541EA5C1A000A0091D /* vm-object-scanner.cc in Sources */,
				23E3D5AE1E6D004C00C51DDE /* scopes-test.cc in Sources */,
				2349E5831E56E378002883BC /* ast-test.cc in Sources */,
				235808141E487DFB00C8C567 /* fixed-memory-input-stream.cc in Sources */,
				23E3D59B1E5C1A7900C51DDE /* ast-printer.cc in Sources */,
				23E6BA151EB335A100FC1A55 /* source-file-position-dict.cc in Sources */,
				23E6BA0F1EB1DD3600FC1A55 /* vm-object-extra-factory.cc in Sources */,
				2311E3861EA8AD58007B5305 /* vm-runtime.cc in Sources */,
				236202561E45BE2900B6B949 /* lexer.cc in Sources */,
				2311E38A1EA9F0BC007B5305 /* vm-object-surface.cc in Sources */,
				2362025D1E45CC5F00B6B949 /* token-test.cc in Sources */,
				23E3D5A41E63C6DD00C51DDE /* scopes.cc in Sources */,
				2311E38C1EAAED57007B5305 /* vm-object-surface-test.cc in Sources */,
				231378E91E8B563D009384DF /* bitcode-emitter-test.cc in Sources */,
				2349E5941E56FF12002883BC /* parser-test.cc in Sources */,
				23E3D5C91E77CBCC00C51DDE /* file-output-stream.cc in Sources */,
				23E3D5B51E6FFF5900C51DDE /* compiler.cc in Sources */,
				2362025A1E45C58800B6B949 /* token.cc in Sources */,
				23F311F31EDBFFDD00B02687 /* managed-allocator.cc in Sources */,
				232434711E7929DD0054C385 /* vm-bitcode-builder.cc in Sources */,
				236199211E84CCB900682485 /* vm-object-factory.cc in Sources */,
				23E3D5BD1E767F8600C51DDE /* text-output-stream.cc in Sources */,
				23E3D5A01E600DCE00C51DDE /* types.cc in Sources */,
				2349E58E1E56FCC9002883BC /* ast.cc in Sources */,
				23E3D5A91E65075C00C51DDE /* checker.cc in Sources */,
				23F311FC1EE8F6B700B02687 /* ring-buffer.cc in Sources */,
				2349E57A1E554426002883BC /* zone-test.cc in Sources */,
				232434871E7B935B0054C385 /* vm-thread-test.cc in Sources */,
				232434941E7FAF230054C385 /* bitcode-emitter.cc in Sources */,
				234D81A71ECAA08B006CA3BA /* vm-code-cache.cc in Sources */,
				23F311F71EDC010700B02687 /* fallback-managed-allocator.cc in Sources */,
				2349E5731E4B1800002883BC /* keywords.c in Sources */,
				232434801E7A8A850054C385 /* vm-bitcode.cc in Sources */,
				232434731E7A203D0054C385 /* vm-memory-segment-test.cc in Sources */,
				236202611E48221700B6B949 /* text-input-stream.cc in Sources */,
				23E6BA181EB345D000FC1A55 /* source-file-position-dict-test.cc in Sources */,
				232434651E78EEC70054C385 /* vm.cc in Sources */,
				2349E5921E56FF02002883BC /* parser.cc in Sources */,
				2324346D1E7926F50054C385 /* vm-memory-segment.cc in Sources */,
				23658AF81E8A3FD700F7F72A /* do-nothing-garbage-collector.cc in Sources */,
				234D81A31ECA90FB006CA3BA /* all-tests.cc in Sources */,
				2349E58B1E56F3DB002883BC /* raw-string.cc in Sources */,
				236202521E45BC7E00B6B949 /* base-test.cc in Sources */,
				2349E57D1E55DD3C002883BC /* zone-hash-map-test.cc in Sources */,
				236202491E45BC0E00B6B949 /* base.cc in Sources */,
				232434841E7AA13F0054C385 /* vm-stack.cc in Sources */,
				23E3D5B91E700A7000C51DDE /* simple-file-system.cc in Sources */,
				23ECD4501EA4B4C700A0091D /* msg-garbage-collector.cc in Sources */,
				2349E5801E56A71E002883BC /* zone-vector-test.cc in Sources */,
			);
			runOnlyForDeploymentPostprocessing = 0;
		};
/* End PBXSourcesBuildPhase section */

/* Begin XCBuildConfiguration section */
		231B09A81E45B86D00BC6D18 /* Debug */ = {
			isa = XCBuildConfiguration;
			buildSettings = {
				ALWAYS_SEARCH_USER_PATHS = NO;
				CLANG_ANALYZER_NONNULL = YES;
				CLANG_CXX_LANGUAGE_STANDARD = "gnu++0x";
				CLANG_CXX_LIBRARY = "libc++";
				CLANG_ENABLE_MODULES = YES;
				CLANG_ENABLE_OBJC_ARC = YES;
				CLANG_WARN_BOOL_CONVERSION = YES;
				CLANG_WARN_CONSTANT_CONVERSION = YES;
				CLANG_WARN_DIRECT_OBJC_ISA_USAGE = YES_ERROR;
				CLANG_WARN_DOCUMENTATION_COMMENTS = YES;
				CLANG_WARN_EMPTY_BODY = YES;
				CLANG_WARN_ENUM_CONVERSION = YES;
				CLANG_WARN_INFINITE_RECURSION = YES;
				CLANG_WARN_INT_CONVERSION = YES;
				CLANG_WARN_OBJC_ROOT_CLASS = YES_ERROR;
				CLANG_WARN_SUSPICIOUS_MOVES = YES;
				CLANG_WARN_UNREACHABLE_CODE = YES;
				CLANG_WARN__DUPLICATE_METHOD_MATCH = YES;
				CODE_SIGN_IDENTITY = "-";
				COPY_PHASE_STRIP = NO;
				DEBUG_INFORMATION_FORMAT = dwarf;
				ENABLE_STRICT_OBJC_MSGSEND = YES;
				ENABLE_TESTABILITY = YES;
				GCC_C_LANGUAGE_STANDARD = gnu99;
				GCC_DYNAMIC_NO_PIC = NO;
				GCC_NO_COMMON_BLOCKS = YES;
				GCC_OPTIMIZATION_LEVEL = 0;
				GCC_PREPROCESSOR_DEFINITIONS = (
					"DEBUG=1",
					"$(inherited)",
				);
				GCC_WARN_64_TO_32_BIT_CONVERSION = YES;
				GCC_WARN_ABOUT_RETURN_TYPE = YES_ERROR;
				GCC_WARN_UNDECLARED_SELECTOR = YES;
				GCC_WARN_UNINITIALIZED_AUTOS = YES_AGGRESSIVE;
				GCC_WARN_UNUSED_FUNCTION = YES;
				GCC_WARN_UNUSED_VARIABLE = YES;
				LIBRARY_SEARCH_PATHS = "../third-party/libs";
				MACOSX_DEPLOYMENT_TARGET = 10.12;
				MTL_ENABLE_DEBUG_INFO = YES;
				ONLY_ACTIVE_ARCH = YES;
				SDKROOT = macosx;
				USER_HEADER_SEARCH_PATHS = "../third-party/include";
			};
			name = Debug;
		};
		231B09A91E45B86D00BC6D18 /* Release */ = {
			isa = XCBuildConfiguration;
			buildSettings = {
				ALWAYS_SEARCH_USER_PATHS = NO;
				CLANG_ANALYZER_NONNULL = YES;
				CLANG_CXX_LANGUAGE_STANDARD = "gnu++0x";
				CLANG_CXX_LIBRARY = "libc++";
				CLANG_ENABLE_MODULES = YES;
				CLANG_ENABLE_OBJC_ARC = YES;
				CLANG_WARN_BOOL_CONVERSION = YES;
				CLANG_WARN_CONSTANT_CONVERSION = YES;
				CLANG_WARN_DIRECT_OBJC_ISA_USAGE = YES_ERROR;
				CLANG_WARN_DOCUMENTATION_COMMENTS = YES;
				CLANG_WARN_EMPTY_BODY = YES;
				CLANG_WARN_ENUM_CONVERSION = YES;
				CLANG_WARN_INFINITE_RECURSION = YES;
				CLANG_WARN_INT_CONVERSION = YES;
				CLANG_WARN_OBJC_ROOT_CLASS = YES_ERROR;
				CLANG_WARN_SUSPICIOUS_MOVES = YES;
				CLANG_WARN_UNREACHABLE_CODE = YES;
				CLANG_WARN__DUPLICATE_METHOD_MATCH = YES;
				CODE_SIGN_IDENTITY = "-";
				COPY_PHASE_STRIP = NO;
				DEBUG_INFORMATION_FORMAT = "dwarf-with-dsym";
				ENABLE_NS_ASSERTIONS = NO;
				ENABLE_STRICT_OBJC_MSGSEND = YES;
				GCC_C_LANGUAGE_STANDARD = gnu99;
				GCC_NO_COMMON_BLOCKS = YES;
				GCC_WARN_64_TO_32_BIT_CONVERSION = YES;
				GCC_WARN_ABOUT_RETURN_TYPE = YES_ERROR;
				GCC_WARN_UNDECLARED_SELECTOR = YES;
				GCC_WARN_UNINITIALIZED_AUTOS = YES_AGGRESSIVE;
				GCC_WARN_UNUSED_FUNCTION = YES;
				GCC_WARN_UNUSED_VARIABLE = YES;
				LIBRARY_SEARCH_PATHS = "../third-party/libs";
				MACOSX_DEPLOYMENT_TARGET = 10.12;
				MTL_ENABLE_DEBUG_INFO = NO;
				SDKROOT = macosx;
				USER_HEADER_SEARCH_PATHS = "../third-party/include";
			};
			name = Release;
		};
		231B09AB1E45B86D00BC6D18 /* Debug */ = {
			isa = XCBuildConfiguration;
			buildSettings = {
				PRODUCT_NAME = "$(TARGET_NAME)";
			};
			name = Debug;
		};
		231B09AC1E45B86D00BC6D18 /* Release */ = {
			isa = XCBuildConfiguration;
			buildSettings = {
				PRODUCT_NAME = "$(TARGET_NAME)";
			};
			name = Release;
		};
		236202471E45BB2B00B6B949 /* Debug */ = {
			isa = XCBuildConfiguration;
			buildSettings = {
				PRODUCT_NAME = "$(TARGET_NAME)";
			};
			name = Debug;
		};
		236202481E45BB2B00B6B949 /* Release */ = {
			isa = XCBuildConfiguration;
			buildSettings = {
				PRODUCT_NAME = "$(TARGET_NAME)";
			};
			name = Release;
		};
/* End XCBuildConfiguration section */

/* Begin XCConfigurationList section */
		231B099E1E45B86D00BC6D18 /* Build configuration list for PBXProject "mio-lang" */ = {
			isa = XCConfigurationList;
			buildConfigurations = (
				231B09A81E45B86D00BC6D18 /* Debug */,
				231B09A91E45B86D00BC6D18 /* Release */,
			);
			defaultConfigurationIsVisible = 0;
			defaultConfigurationName = Release;
		};
		231B09AA1E45B86D00BC6D18 /* Build configuration list for PBXNativeTarget "mio-lang" */ = {
			isa = XCConfigurationList;
			buildConfigurations = (
				231B09AB1E45B86D00BC6D18 /* Debug */,
				231B09AC1E45B86D00BC6D18 /* Release */,
			);
			defaultConfigurationIsVisible = 0;
			defaultConfigurationName = Release;
		};
		236202461E45BB2B00B6B949 /* Build configuration list for PBXNativeTarget "mio-test" */ = {
			isa = XCConfigurationList;
			buildConfigurations = (
				236202471E45BB2B00B6B949 /* Debug */,
				236202481E45BB2B00B6B949 /* Release */,
			);
			defaultConfigurationIsVisible = 0;
			defaultConfigurationName = Release;
		};
/* End XCConfigurationList section */
	};
	rootObject = 231B099B1E45B86D00BC6D18 /* Project object */;
}
